
Microsoft Visual Studio Solution File, Format Version 12.00
# Visual Studio 2015
Project("{FAE04EC0-301F-11D3-BF4B-00C04F79EFBC}") = "COMP305-Test-1.CSharp", "COMP305-Test-1.CSharp.csproj", "{854CD447-4B14-AD29-160A-838A4558373C}"
EndProject
Global
	GlobalSection(SolutionConfigurationPlatforms) = preSolution
		Debug|Any CPU = Debug|Any CPU
		Release|Any CPU = Release|Any CPU
	EndGlobalSection
	GlobalSection(ProjectConfigurationPlatforms) = postSolution
		{854CD447-4B14-AD29-160A-838A4558373C}.Debug|Any CPU.ActiveCfg = Debug|Any CPU
		{854CD447-4B14-AD29-160A-838A4558373C}.Debug|Any CPU.Build.0 = Debug|Any CPU
		{854CD447-4B14-AD29-160A-838A4558373C}.Release|Any CPU.ActiveCfg = Release|Any CPU
		{854CD447-4B14-AD29-160A-838A4558373C}.Release|Any CPU.Build.0 = Release|Any CPU
	EndGlobalSection
	GlobalSection(SolutionProperties) = preSolution
		HideSolutionNode = FALSE
	EndGlobalSection
EndGlobal
